// !$*UTF8*$!
{
	archiveVersion = 1;
	classes = {
	};
	objectVersion = 55;
	objects = {

/* Begin PBXBuildFile section */
		7E5FFAD7279CBF6700253714 /* timerView.swift in Sources */ = {isa = PBXBuildFile; fileRef = 7E5FFAD6279CBF6700253714 /* timerView.swift */; };
		7E5FFAD8279CBF6700253714 /* timerView.swift in Sources */ = {isa = PBXBuildFile; fileRef = 7E5FFAD6279CBF6700253714 /* timerView.swift */; };
		7E5FFADA279CC06800253714 /* timer.swift in Sources */ = {isa = PBXBuildFile; fileRef = 7E5FFAD9279CC06800253714 /* timer.swift */; };
		7E5FFADB279CC06800253714 /* timer.swift in Sources */ = {isa = PBXBuildFile; fileRef = 7E5FFAD9279CC06800253714 /* timer.swift */; };
		7E5FFADD279CC63E00253714 /* timerCategories.swift in Sources */ = {isa = PBXBuildFile; fileRef = 7E5FFADC279CC63E00253714 /* timerCategories.swift */; };
		7E5FFADE279CC63E00253714 /* timerCategories.swift in Sources */ = {isa = PBXBuildFile; fileRef = 7E5FFADC279CC63E00253714 /* timerCategories.swift */; };
		7E63B290279C8E7D002D5B51 /* Tests_iOS.swift in Sources */ = {isa = PBXBuildFile; fileRef = 7E63B28F279C8E7D002D5B51 /* Tests_iOS.swift */; };
		7E63B292279C8E7D002D5B51 /* Tests_iOSLaunchTests.swift in Sources */ = {isa = PBXBuildFile; fileRef = 7E63B291279C8E7D002D5B51 /* Tests_iOSLaunchTests.swift */; };
		7E63B29C279C8E7D002D5B51 /* Tests_macOS.swift in Sources */ = {isa = PBXBuildFile; fileRef = 7E63B29B279C8E7D002D5B51 /* Tests_macOS.swift */; };
		7E63B29E279C8E7D002D5B51 /* Tests_macOSLaunchTests.swift in Sources */ = {isa = PBXBuildFile; fileRef = 7E63B29D279C8E7D002D5B51 /* Tests_macOSLaunchTests.swift */; };
		7E63B29F279C8E7D002D5B51 /* chronologyApp.swift in Sources */ = {isa = PBXBuildFile; fileRef = 7E63B277279C8E7A002D5B51 /* chronologyApp.swift */; };
		7E63B2A0279C8E7D002D5B51 /* chronologyApp.swift in Sources */ = {isa = PBXBuildFile; fileRef = 7E63B277279C8E7A002D5B51 /* chronologyApp.swift */; };
		7E63B2A1279C8E7D002D5B51 /* ContentView.swift in Sources */ = {isa = PBXBuildFile; fileRef = 7E63B278279C8E7A002D5B51 /* ContentView.swift */; };
		7E63B2A2279C8E7D002D5B51 /* ContentView.swift in Sources */ = {isa = PBXBuildFile; fileRef = 7E63B278279C8E7A002D5B51 /* ContentView.swift */; };
		7E63B2A3279C8E7D002D5B51 /* Assets.xcassets in Resources */ = {isa = PBXBuildFile; fileRef = 7E63B279279C8E7C002D5B51 /* Assets.xcassets */; };
		7E63B2A4279C8E7D002D5B51 /* Assets.xcassets in Resources */ = {isa = PBXBuildFile; fileRef = 7E63B279279C8E7C002D5B51 /* Assets.xcassets */; };
		7E63B2B5279C8EB0002D5B51 /* ChronologyModel.xcdatamodeld in Sources */ = {isa = PBXBuildFile; fileRef = 7E63B2B3279C8EB0002D5B51 /* ChronologyModel.xcdatamodeld */; };
		7E63B2B6279C8EB0002D5B51 /* ChronologyModel.xcdatamodeld in Sources */ = {isa = PBXBuildFile; fileRef = 7E63B2B3279C8EB0002D5B51 /* ChronologyModel.xcdatamodeld */; };
		7E63B2BB279C985F002D5B51 /* ChronologyDay+CoreDataClass.swift in Sources */ = {isa = PBXBuildFile; fileRef = 7E63B2B7279C985F002D5B51 /* ChronologyDay+CoreDataClass.swift */; };
		7E63B2BC279C985F002D5B51 /* ChronologyDay+CoreDataClass.swift in Sources */ = {isa = PBXBuildFile; fileRef = 7E63B2B7279C985F002D5B51 /* ChronologyDay+CoreDataClass.swift */; };
		7E63B2BD279C985F002D5B51 /* ChronologyDay+CoreDataProperties.swift in Sources */ = {isa = PBXBuildFile; fileRef = 7E63B2B8279C985F002D5B51 /* ChronologyDay+CoreDataProperties.swift */; };
		7E63B2BE279C985F002D5B51 /* ChronologyDay+CoreDataProperties.swift in Sources */ = {isa = PBXBuildFile; fileRef = 7E63B2B8279C985F002D5B51 /* ChronologyDay+CoreDataProperties.swift */; };
		7E63B2BF279C985F002D5B51 /* ChronologyTB+CoreDataClass.swift in Sources */ = {isa = PBXBuildFile; fileRef = 7E63B2B9279C985F002D5B51 /* ChronologyTB+CoreDataClass.swift */; };
		7E63B2C0279C985F002D5B51 /* ChronologyTB+CoreDataClass.swift in Sources */ = {isa = PBXBuildFile; fileRef = 7E63B2B9279C985F002D5B51 /* ChronologyTB+CoreDataClass.swift */; };
		7E63B2C1279C985F002D5B51 /* ChronologyTB+CoreDataProperties.swift in Sources */ = {isa = PBXBuildFile; fileRef = 7E63B2BA279C985F002D5B51 /* ChronologyTB+CoreDataProperties.swift */; };
		7E63B2C2279C985F002D5B51 /* ChronologyTB+CoreDataProperties.swift in Sources */ = {isa = PBXBuildFile; fileRef = 7E63B2BA279C985F002D5B51 /* ChronologyTB+CoreDataProperties.swift */; };
		7E63B2C4279CA2AC002D5B51 /* DataController.swift in Sources */ = {isa = PBXBuildFile; fileRef = 7E63B2C3279CA2AC002D5B51 /* DataController.swift */; };
		7E63B2C5279CA2AC002D5B51 /* DataController.swift in Sources */ = {isa = PBXBuildFile; fileRef = 7E63B2C3279CA2AC002D5B51 /* DataController.swift */; };
		7E63B2C7279CB7B2002D5B51 /* chronologyHistoryView.swift in Sources */ = {isa = PBXBuildFile; fileRef = 7E63B2C6279CB7B1002D5B51 /* chronologyHistoryView.swift */; };
		7E63B2C8279CB7B2002D5B51 /* chronologyHistoryView.swift in Sources */ = {isa = PBXBuildFile; fileRef = 7E63B2C6279CB7B1002D5B51 /* chronologyHistoryView.swift */; };
		7E9423E5279DE98800D90AC5 /* ctbView.swift in Sources */ = {isa = PBXBuildFile; fileRef = 7E9423E4279DE98800D90AC5 /* ctbView.swift */; };
		7E9423E6279DE98800D90AC5 /* ctbView.swift in Sources */ = {isa = PBXBuildFile; fileRef = 7E9423E4279DE98800D90AC5 /* ctbView.swift */; };
		7EA3BE9D279F3BD80081CA13 /* chronologyDaysView.swift in Sources */ = {isa = PBXBuildFile; fileRef = 7EA3BE9C279F3BD80081CA13 /* chronologyDaysView.swift */; };
		7EA3BE9E279F3BD80081CA13 /* chronologyDaysView.swift in Sources */ = {isa = PBXBuildFile; fileRef = 7EA3BE9C279F3BD80081CA13 /* chronologyDaysView.swift */; };
		7EA3BEA0279F3E8E0081CA13 /* chronologyDayDetailsView.swift in Sources */ = {isa = PBXBuildFile; fileRef = 7EA3BE9F279F3E8E0081CA13 /* chronologyDayDetailsView.swift */; };
		7EA3BEA1279F3E8E0081CA13 /* chronologyDayDetailsView.swift in Sources */ = {isa = PBXBuildFile; fileRef = 7EA3BE9F279F3E8E0081CA13 /* chronologyDayDetailsView.swift */; };
/* End PBXBuildFile section */

/* Begin PBXContainerItemProxy section */
		7E63B28C279C8E7D002D5B51 /* PBXContainerItemProxy */ = {
			isa = PBXContainerItemProxy;
			containerPortal = 7E63B272279C8E79002D5B51 /* Project object */;
			proxyType = 1;
			remoteGlobalIDString = 7E63B27D279C8E7C002D5B51;
			remoteInfo = "chronology (iOS)";
		};
		7E63B298279C8E7D002D5B51 /* PBXContainerItemProxy */ = {
			isa = PBXContainerItemProxy;
			containerPortal = 7E63B272279C8E79002D5B51 /* Project object */;
			proxyType = 1;
			remoteGlobalIDString = 7E63B283279C8E7D002D5B51;
			remoteInfo = "chronology (macOS)";
		};
/* End PBXContainerItemProxy section */

/* Begin PBXFileReference section */
		7E5FFAD6279CBF6700253714 /* timerView.swift */ = {isa = PBXFileReference; lastKnownFileType = sourcecode.swift; path = timerView.swift; sourceTree = "<group>"; };
		7E5FFAD9279CC06800253714 /* timer.swift */ = {isa = PBXFileReference; lastKnownFileType = sourcecode.swift; path = timer.swift; sourceTree = "<group>"; };
		7E5FFADC279CC63E00253714 /* timerCategories.swift */ = {isa = PBXFileReference; lastKnownFileType = sourcecode.swift; path = timerCategories.swift; sourceTree = "<group>"; };
		7E63B277279C8E7A002D5B51 /* chronologyApp.swift */ = {isa = PBXFileReference; lastKnownFileType = sourcecode.swift; path = chronologyApp.swift; sourceTree = "<group>"; };
		7E63B278279C8E7A002D5B51 /* ContentView.swift */ = {isa = PBXFileReference; lastKnownFileType = sourcecode.swift; path = ContentView.swift; sourceTree = "<group>"; };
		7E63B279279C8E7C002D5B51 /* Assets.xcassets */ = {isa = PBXFileReference; lastKnownFileType = folder.assetcatalog; path = Assets.xcassets; sourceTree = "<group>"; };
		7E63B27E279C8E7C002D5B51 /* chronology.app */ = {isa = PBXFileReference; explicitFileType = wrapper.application; includeInIndex = 0; path = chronology.app; sourceTree = BUILT_PRODUCTS_DIR; };
		7E63B284279C8E7D002D5B51 /* chronology.app */ = {isa = PBXFileReference; explicitFileType = wrapper.application; includeInIndex = 0; path = chronology.app; sourceTree = BUILT_PRODUCTS_DIR; };
		7E63B286279C8E7D002D5B51 /* macOS.entitlements */ = {isa = PBXFileReference; lastKnownFileType = text.plist.entitlements; path = macOS.entitlements; sourceTree = "<group>"; };
		7E63B28B279C8E7D002D5B51 /* Tests iOS.xctest */ = {isa = PBXFileReference; explicitFileType = wrapper.cfbundle; includeInIndex = 0; path = "Tests iOS.xctest"; sourceTree = BUILT_PRODUCTS_DIR; };
		7E63B28F279C8E7D002D5B51 /* Tests_iOS.swift */ = {isa = PBXFileReference; lastKnownFileType = sourcecode.swift; path = Tests_iOS.swift; sourceTree = "<group>"; };
		7E63B291279C8E7D002D5B51 /* Tests_iOSLaunchTests.swift */ = {isa = PBXFileReference; lastKnownFileType = sourcecode.swift; path = Tests_iOSLaunchTests.swift; sourceTree = "<group>"; };
		7E63B297279C8E7D002D5B51 /* Tests macOS.xctest */ = {isa = PBXFileReference; explicitFileType = wrapper.cfbundle; includeInIndex = 0; path = "Tests macOS.xctest"; sourceTree = BUILT_PRODUCTS_DIR; };
		7E63B29B279C8E7D002D5B51 /* Tests_macOS.swift */ = {isa = PBXFileReference; lastKnownFileType = sourcecode.swift; path = Tests_macOS.swift; sourceTree = "<group>"; };
		7E63B29D279C8E7D002D5B51 /* Tests_macOSLaunchTests.swift */ = {isa = PBXFileReference; lastKnownFileType = sourcecode.swift; path = Tests_macOSLaunchTests.swift; sourceTree = "<group>"; };
		7E63B2B4279C8EB0002D5B51 /* ChronologyModel.xcdatamodel */ = {isa = PBXFileReference; lastKnownFileType = wrapper.xcdatamodel; path = ChronologyModel.xcdatamodel; sourceTree = "<group>"; };
		7E63B2B7279C985F002D5B51 /* ChronologyDay+CoreDataClass.swift */ = {isa = PBXFileReference; lastKnownFileType = sourcecode.swift; path = "ChronologyDay+CoreDataClass.swift"; sourceTree = "<group>"; };
		7E63B2B8279C985F002D5B51 /* ChronologyDay+CoreDataProperties.swift */ = {isa = PBXFileReference; lastKnownFileType = sourcecode.swift; path = "ChronologyDay+CoreDataProperties.swift"; sourceTree = "<group>"; };
		7E63B2B9279C985F002D5B51 /* ChronologyTB+CoreDataClass.swift */ = {isa = PBXFileReference; lastKnownFileType = sourcecode.swift; path = "ChronologyTB+CoreDataClass.swift"; sourceTree = "<group>"; };
		7E63B2BA279C985F002D5B51 /* ChronologyTB+CoreDataProperties.swift */ = {isa = PBXFileReference; lastKnownFileType = sourcecode.swift; path = "ChronologyTB+CoreDataProperties.swift"; sourceTree = "<group>"; };
		7E63B2C3279CA2AC002D5B51 /* DataController.swift */ = {isa = PBXFileReference; lastKnownFileType = sourcecode.swift; path = DataController.swift; sourceTree = "<group>"; };
		7E63B2C6279CB7B1002D5B51 /* chronologyHistoryView.swift */ = {isa = PBXFileReference; lastKnownFileType = sourcecode.swift; path = chronologyHistoryView.swift; sourceTree = "<group>"; };
		7E9423E4279DE98800D90AC5 /* ctbView.swift */ = {isa = PBXFileReference; lastKnownFileType = sourcecode.swift; path = ctbView.swift; sourceTree = "<group>"; };
		7EA3BE9C279F3BD80081CA13 /* chronologyDaysView.swift */ = {isa = PBXFileReference; lastKnownFileType = sourcecode.swift; path = chronologyDaysView.swift; sourceTree = "<group>"; };
		7EA3BE9F279F3E8E0081CA13 /* chronologyDayDetailsView.swift */ = {isa = PBXFileReference; lastKnownFileType = sourcecode.swift; path = chronologyDayDetailsView.swift; sourceTree = "<group>"; };
/* End PBXFileReference section */

/* Begin PBXFrameworksBuildPhase section */
		7E63B27B279C8E7C002D5B51 /* Frameworks */ = {
			isa = PBXFrameworksBuildPhase;
			buildActionMask = 2147483647;
			files = (
			);
			runOnlyForDeploymentPostprocessing = 0;
		};
		7E63B281279C8E7D002D5B51 /* Frameworks */ = {
			isa = PBXFrameworksBuildPhase;
			buildActionMask = 2147483647;
			files = (
			);
			runOnlyForDeploymentPostprocessing = 0;
		};
		7E63B288279C8E7D002D5B51 /* Frameworks */ = {
			isa = PBXFrameworksBuildPhase;
			buildActionMask = 2147483647;
			files = (
			);
			runOnlyForDeploymentPostprocessing = 0;
		};
		7E63B294279C8E7D002D5B51 /* Frameworks */ = {
			isa = PBXFrameworksBuildPhase;
			buildActionMask = 2147483647;
			files = (
			);
			runOnlyForDeploymentPostprocessing = 0;
		};
/* End PBXFrameworksBuildPhase section */

/* Begin PBXGroup section */
		7E63B271279C8E79002D5B51 = {
			isa = PBXGroup;
			children = (
				7E63B276279C8E7A002D5B51 /* Shared */,
				7E63B285279C8E7D002D5B51 /* macOS */,
				7E63B28E279C8E7D002D5B51 /* Tests iOS */,
				7E63B29A279C8E7D002D5B51 /* Tests macOS */,
				7E63B27F279C8E7C002D5B51 /* Products */,
			);
			sourceTree = "<group>";
		};
		7E63B276279C8E7A002D5B51 /* Shared */ = {
			isa = PBXGroup;
			children = (
				7E63B2B7279C985F002D5B51 /* ChronologyDay+CoreDataClass.swift */,
				7E63B2B8279C985F002D5B51 /* ChronologyDay+CoreDataProperties.swift */,
				7E63B2B9279C985F002D5B51 /* ChronologyTB+CoreDataClass.swift */,
				7E63B2BA279C985F002D5B51 /* ChronologyTB+CoreDataProperties.swift */,
				7E63B277279C8E7A002D5B51 /* chronologyApp.swift */,
				7E63B278279C8E7A002D5B51 /* ContentView.swift */,
				7E63B279279C8E7C002D5B51 /* Assets.xcassets */,
				7E63B2B3279C8EB0002D5B51 /* ChronologyModel.xcdatamodeld */,
				7E63B2C3279CA2AC002D5B51 /* DataController.swift */,
				7E63B2C6279CB7B1002D5B51 /* chronologyHistoryView.swift */,
				7E5FFAD6279CBF6700253714 /* timerView.swift */,
				7E5FFAD9279CC06800253714 /* timer.swift */,
				7E5FFADC279CC63E00253714 /* timerCategories.swift */,
				7E9423E4279DE98800D90AC5 /* ctbView.swift */,
				7EA3BE9C279F3BD80081CA13 /* chronologyDaysView.swift */,
				7EA3BE9F279F3E8E0081CA13 /* chronologyDayDetailsView.swift */,
			);
			path = Shared;
			sourceTree = "<group>";
		};
		7E63B27F279C8E7C002D5B51 /* Products */ = {
			isa = PBXGroup;
			children = (
				7E63B27E279C8E7C002D5B51 /* chronology.app */,
				7E63B284279C8E7D002D5B51 /* chronology.app */,
				7E63B28B279C8E7D002D5B51 /* Tests iOS.xctest */,
				7E63B297279C8E7D002D5B51 /* Tests macOS.xctest */,
			);
			name = Products;
			sourceTree = "<group>";
		};
		7E63B285279C8E7D002D5B51 /* macOS */ = {
			isa = PBXGroup;
			children = (
				7E63B286279C8E7D002D5B51 /* macOS.entitlements */,
			);
			path = macOS;
			sourceTree = "<group>";
		};
		7E63B28E279C8E7D002D5B51 /* Tests iOS */ = {
			isa = PBXGroup;
			children = (
				7E63B28F279C8E7D002D5B51 /* Tests_iOS.swift */,
				7E63B291279C8E7D002D5B51 /* Tests_iOSLaunchTests.swift */,
			);
			path = "Tests iOS";
			sourceTree = "<group>";
		};
		7E63B29A279C8E7D002D5B51 /* Tests macOS */ = {
			isa = PBXGroup;
			children = (
				7E63B29B279C8E7D002D5B51 /* Tests_macOS.swift */,
				7E63B29D279C8E7D002D5B51 /* Tests_macOSLaunchTests.swift */,
			);
			path = "Tests macOS";
			sourceTree = "<group>";
		};
/* End PBXGroup section */

/* Begin PBXNativeTarget section */
		7E63B27D279C8E7C002D5B51 /* chronology (iOS) */ = {
			isa = PBXNativeTarget;
			buildConfigurationList = 7E63B2A7279C8E7D002D5B51 /* Build configuration list for PBXNativeTarget "chronology (iOS)" */;
			buildPhases = (
				7E63B27A279C8E7C002D5B51 /* Sources */,
				7E63B27B279C8E7C002D5B51 /* Frameworks */,
				7E63B27C279C8E7C002D5B51 /* Resources */,
			);
			buildRules = (
			);
			dependencies = (
			);
			name = "chronology (iOS)";
			productName = "chronology (iOS)";
			productReference = 7E63B27E279C8E7C002D5B51 /* chronology.app */;
			productType = "com.apple.product-type.application";
		};
		7E63B283279C8E7D002D5B51 /* chronology (macOS) */ = {
			isa = PBXNativeTarget;
			buildConfigurationList = 7E63B2AA279C8E7D002D5B51 /* Build configuration list for PBXNativeTarget "chronology (macOS)" */;
			buildPhases = (
				7E63B280279C8E7D002D5B51 /* Sources */,
				7E63B281279C8E7D002D5B51 /* Frameworks */,
				7E63B282279C8E7D002D5B51 /* Resources */,
			);
			buildRules = (
			);
			dependencies = (
			);
			name = "chronology (macOS)";
			productName = "chronology (macOS)";
			productReference = 7E63B284279C8E7D002D5B51 /* chronology.app */;
			productType = "com.apple.product-type.application";
		};
		7E63B28A279C8E7D002D5B51 /* Tests iOS */ = {
			isa = PBXNativeTarget;
			buildConfigurationList = 7E63B2AD279C8E7D002D5B51 /* Build configuration list for PBXNativeTarget "Tests iOS" */;
			buildPhases = (
				7E63B287279C8E7D002D5B51 /* Sources */,
				7E63B288279C8E7D002D5B51 /* Frameworks */,
				7E63B289279C8E7D002D5B51 /* Resources */,
			);
			buildRules = (
			);
			dependencies = (
				7E63B28D279C8E7D002D5B51 /* PBXTargetDependency */,
			);
			name = "Tests iOS";
			productName = "Tests iOS";
			productReference = 7E63B28B279C8E7D002D5B51 /* Tests iOS.xctest */;
			productType = "com.apple.product-type.bundle.ui-testing";
		};
		7E63B296279C8E7D002D5B51 /* Tests macOS */ = {
			isa = PBXNativeTarget;
			buildConfigurationList = 7E63B2B0279C8E7D002D5B51 /* Build configuration list for PBXNativeTarget "Tests macOS" */;
			buildPhases = (
				7E63B293279C8E7D002D5B51 /* Sources */,
				7E63B294279C8E7D002D5B51 /* Frameworks */,
				7E63B295279C8E7D002D5B51 /* Resources */,
			);
			buildRules = (
			);
			dependencies = (
				7E63B299279C8E7D002D5B51 /* PBXTargetDependency */,
			);
			name = "Tests macOS";
			productName = "Tests macOS";
			productReference = 7E63B297279C8E7D002D5B51 /* Tests macOS.xctest */;
			productType = "com.apple.product-type.bundle.ui-testing";
		};
/* End PBXNativeTarget section */

/* Begin PBXProject section */
		7E63B272279C8E79002D5B51 /* Project object */ = {
			isa = PBXProject;
			attributes = {
				BuildIndependentTargetsInParallel = 1;
				LastSwiftUpdateCheck = 1320;
				LastUpgradeCheck = 1320;
				TargetAttributes = {
					7E63B27D279C8E7C002D5B51 = {
						CreatedOnToolsVersion = 13.2.1;
					};
					7E63B283279C8E7D002D5B51 = {
						CreatedOnToolsVersion = 13.2.1;
					};
					7E63B28A279C8E7D002D5B51 = {
						CreatedOnToolsVersion = 13.2.1;
						TestTargetID = 7E63B27D279C8E7C002D5B51;
					};
					7E63B296279C8E7D002D5B51 = {
						CreatedOnToolsVersion = 13.2.1;
						TestTargetID = 7E63B283279C8E7D002D5B51;
					};
				};
			};
			buildConfigurationList = 7E63B275279C8E79002D5B51 /* Build configuration list for PBXProject "chronology" */;
			compatibilityVersion = "Xcode 13.0";
			developmentRegion = en;
			hasScannedForEncodings = 0;
			knownRegions = (
				en,
				Base,
			);
			mainGroup = 7E63B271279C8E79002D5B51;
			productRefGroup = 7E63B27F279C8E7C002D5B51 /* Products */;
			projectDirPath = "";
			projectRoot = "";
			targets = (
				7E63B27D279C8E7C002D5B51 /* chronology (iOS) */,
				7E63B283279C8E7D002D5B51 /* chronology (macOS) */,
				7E63B28A279C8E7D002D5B51 /* Tests iOS */,
				7E63B296279C8E7D002D5B51 /* Tests macOS */,
			);
		};
/* End PBXProject section */

/* Begin PBXResourcesBuildPhase section */
		7E63B27C279C8E7C002D5B51 /* Resources */ = {
			isa = PBXResourcesBuildPhase;
			buildActionMask = 2147483647;
			files = (
				7E63B2A3279C8E7D002D5B51 /* Assets.xcassets in Resources */,
			);
			runOnlyForDeploymentPostprocessing = 0;
		};
		7E63B282279C8E7D002D5B51 /* Resources */ = {
			isa = PBXResourcesBuildPhase;
			buildActionMask = 2147483647;
			files = (
				7E63B2A4279C8E7D002D5B51 /* Assets.xcassets in Resources */,
			);
			runOnlyForDeploymentPostprocessing = 0;
		};
		7E63B289279C8E7D002D5B51 /* Resources */ = {
			isa = PBXResourcesBuildPhase;
			buildActionMask = 2147483647;
			files = (
			);
			runOnlyForDeploymentPostprocessing = 0;
		};
		7E63B295279C8E7D002D5B51 /* Resources */ = {
			isa = PBXResourcesBuildPhase;
			buildActionMask = 2147483647;
			files = (
			);
			runOnlyForDeploymentPostprocessing = 0;
		};
/* End PBXResourcesBuildPhase section */

/* Begin PBXSourcesBuildPhase section */
		7E63B27A279C8E7C002D5B51 /* Sources */ = {
			isa = PBXSourcesBuildPhase;
			buildActionMask = 2147483647;
			files = (
				7E63B2B5279C8EB0002D5B51 /* ChronologyModel.xcdatamodeld in Sources */,
				7E63B2C7279CB7B2002D5B51 /* chronologyHistoryView.swift in Sources */,
				7E63B2A1279C8E7D002D5B51 /* ContentView.swift in Sources */,
				7EA3BE9D279F3BD80081CA13 /* chronologyDaysView.swift in Sources */,
				7E63B2BF279C985F002D5B51 /* ChronologyTB+CoreDataClass.swift in Sources */,
				7E5FFAD7279CBF6700253714 /* timerView.swift in Sources */,
				7E9423E5279DE98800D90AC5 /* ctbView.swift in Sources */,
				7E63B2C1279C985F002D5B51 /* ChronologyTB+CoreDataProperties.swift in Sources */,
				7E63B2BB279C985F002D5B51 /* ChronologyDay+CoreDataClass.swift in Sources */,
				7E5FFADD279CC63E00253714 /* timerCategories.swift in Sources */,
				7E63B2C4279CA2AC002D5B51 /* DataController.swift in Sources */,
				7E63B2BD279C985F002D5B51 /* ChronologyDay+CoreDataProperties.swift in Sources */,
				7EA3BEA0279F3E8E0081CA13 /* chronologyDayDetailsView.swift in Sources */,
				7E5FFADA279CC06800253714 /* timer.swift in Sources */,
				7E63B29F279C8E7D002D5B51 /* chronologyApp.swift in Sources */,
			);
			runOnlyForDeploymentPostprocessing = 0;
		};
		7E63B280279C8E7D002D5B51 /* Sources */ = {
			isa = PBXSourcesBuildPhase;
			buildActionMask = 2147483647;
			files = (
				7E63B2B6279C8EB0002D5B51 /* ChronologyModel.xcdatamodeld in Sources */,
				7E63B2C8279CB7B2002D5B51 /* chronologyHistoryView.swift in Sources */,
				7E63B2A2279C8E7D002D5B51 /* ContentView.swift in Sources */,
				7EA3BE9E279F3BD80081CA13 /* chronologyDaysView.swift in Sources */,
				7E63B2C0279C985F002D5B51 /* ChronologyTB+CoreDataClass.swift in Sources */,
				7E5FFAD8279CBF6700253714 /* timerView.swift in Sources */,
				7E9423E6279DE98800D90AC5 /* ctbView.swift in Sources */,
				7E63B2C2279C985F002D5B51 /* ChronologyTB+CoreDataProperties.swift in Sources */,
				7E63B2BC279C985F002D5B51 /* ChronologyDay+CoreDataClass.swift in Sources */,
				7E5FFADE279CC63E00253714 /* timerCategories.swift in Sources */,
				7E63B2C5279CA2AC002D5B51 /* DataController.swift in Sources */,
				7E63B2BE279C985F002D5B51 /* ChronologyDay+CoreDataProperties.swift in Sources */,
				7EA3BEA1279F3E8E0081CA13 /* chronologyDayDetailsView.swift in Sources */,
				7E5FFADB279CC06800253714 /* timer.swift in Sources */,
				7E63B2A0279C8E7D002D5B51 /* chronologyApp.swift in Sources */,
			);
			runOnlyForDeploymentPostprocessing = 0;
		};
		7E63B287279C8E7D002D5B51 /* Sources */ = {
			isa = PBXSourcesBuildPhase;
			buildActionMask = 2147483647;
			files = (
				7E63B292279C8E7D002D5B51 /* Tests_iOSLaunchTests.swift in Sources */,
				7E63B290279C8E7D002D5B51 /* Tests_iOS.swift in Sources */,
			);
			runOnlyForDeploymentPostprocessing = 0;
		};
		7E63B293279C8E7D002D5B51 /* Sources */ = {
			isa = PBXSourcesBuildPhase;
			buildActionMask = 2147483647;
			files = (
				7E63B29E279C8E7D002D5B51 /* Tests_macOSLaunchTests.swift in Sources */,
				7E63B29C279C8E7D002D5B51 /* Tests_macOS.swift in Sources */,
			);
			runOnlyForDeploymentPostprocessing = 0;
		};
/* End PBXSourcesBuildPhase section */

/* Begin PBXTargetDependency section */
		7E63B28D279C8E7D002D5B51 /* PBXTargetDependency */ = {
			isa = PBXTargetDependency;
			target = 7E63B27D279C8E7C002D5B51 /* chronology (iOS) */;
			targetProxy = 7E63B28C279C8E7D002D5B51 /* PBXContainerItemProxy */;
		};
		7E63B299279C8E7D002D5B51 /* PBXTargetDependency */ = {
			isa = PBXTargetDependency;
			target = 7E63B283279C8E7D002D5B51 /* chronology (macOS) */;
			targetProxy = 7E63B298279C8E7D002D5B51 /* PBXContainerItemProxy */;
		};
/* End PBXTargetDependency section */

/* Begin XCBuildConfiguration section */
		7E63B2A5279C8E7D002D5B51 /* Debug */ = {
			isa = XCBuildConfiguration;
			buildSettings = {
				ALWAYS_SEARCH_USER_PATHS = NO;
				CLANG_ANALYZER_NONNULL = YES;
				CLANG_ANALYZER_NUMBER_OBJECT_CONVERSION = YES_AGGRESSIVE;
				CLANG_CXX_LANGUAGE_STANDARD = "gnu++17";
				CLANG_CXX_LIBRARY = "libc++";
				CLANG_ENABLE_MODULES = YES;
				CLANG_ENABLE_OBJC_ARC = YES;
				CLANG_ENABLE_OBJC_WEAK = YES;
				CLANG_WARN_BLOCK_CAPTURE_AUTORELEASING = YES;
				CLANG_WARN_BOOL_CONVERSION = YES;
				CLANG_WARN_COMMA = YES;
				CLANG_WARN_CONSTANT_CONVERSION = YES;
				CLANG_WARN_DEPRECATED_OBJC_IMPLEMENTATIONS = YES;
				CLANG_WARN_DIRECT_OBJC_ISA_USAGE = YES_ERROR;
				CLANG_WARN_DOCUMENTATION_COMMENTS = YES;
				CLANG_WARN_EMPTY_BODY = YES;
				CLANG_WARN_ENUM_CONVERSION = YES;
				CLANG_WARN_INFINITE_RECURSION = YES;
				CLANG_WARN_INT_CONVERSION = YES;
				CLANG_WARN_NON_LITERAL_NULL_CONVERSION = YES;
				CLANG_WARN_OBJC_IMPLICIT_RETAIN_SELF = YES;
				CLANG_WARN_OBJC_LITERAL_CONVERSION = YES;
				CLANG_WARN_OBJC_ROOT_CLASS = YES_ERROR;
				CLANG_WARN_QUOTED_INCLUDE_IN_FRAMEWORK_HEADER = YES;
				CLANG_WARN_RANGE_LOOP_ANALYSIS = YES;
				CLANG_WARN_STRICT_PROTOTYPES = YES;
				CLANG_WARN_SUSPICIOUS_MOVE = YES;
				CLANG_WARN_UNGUARDED_AVAILABILITY = YES_AGGRESSIVE;
				CLANG_WARN_UNREACHABLE_CODE = YES;
				CLANG_WARN__DUPLICATE_METHOD_MATCH = YES;
				COPY_PHASE_STRIP = NO;
				DEBUG_INFORMATION_FORMAT = dwarf;
				ENABLE_STRICT_OBJC_MSGSEND = YES;
				ENABLE_TESTABILITY = YES;
				GCC_C_LANGUAGE_STANDARD = gnu11;
				GCC_DYNAMIC_NO_PIC = NO;
				GCC_NO_COMMON_BLOCKS = YES;
				GCC_OPTIMIZATION_LEVEL = 0;
				GCC_PREPROCESSOR_DEFINITIONS = (
					"DEBUG=1",
					"$(inherited)",
				);
				GCC_WARN_64_TO_32_BIT_CONVERSION = YES;
				GCC_WARN_ABOUT_RETURN_TYPE = YES_ERROR;
				GCC_WARN_UNDECLARED_SELECTOR = YES;
				GCC_WARN_UNINITIALIZED_AUTOS = YES_AGGRESSIVE;
				GCC_WARN_UNUSED_FUNCTION = YES;
				GCC_WARN_UNUSED_VARIABLE = YES;
				MTL_ENABLE_DEBUG_INFO = INCLUDE_SOURCE;
				MTL_FAST_MATH = YES;
				ONLY_ACTIVE_ARCH = YES;
				SWIFT_ACTIVE_COMPILATION_CONDITIONS = DEBUG;
				SWIFT_OPTIMIZATION_LEVEL = "-Onone";
			};
			name = Debug;
		};
		7E63B2A6279C8E7D002D5B51 /* Release */ = {
			isa = XCBuildConfiguration;
			buildSettings = {
				ALWAYS_SEARCH_USER_PATHS = NO;
				CLANG_ANALYZER_NONNULL = YES;
				CLANG_ANALYZER_NUMBER_OBJECT_CONVERSION = YES_AGGRESSIVE;
				CLANG_CXX_LANGUAGE_STANDARD = "gnu++17";
				CLANG_CXX_LIBRARY = "libc++";
				CLANG_ENABLE_MODULES = YES;
				CLANG_ENABLE_OBJC_ARC = YES;
				CLANG_ENABLE_OBJC_WEAK = YES;
				CLANG_WARN_BLOCK_CAPTURE_AUTORELEASING = YES;
				CLANG_WARN_BOOL_CONVERSION = YES;
				CLANG_WARN_COMMA = YES;
				CLANG_WARN_CONSTANT_CONVERSION = YES;
				CLANG_WARN_DEPRECATED_OBJC_IMPLEMENTATIONS = YES;
				CLANG_WARN_DIRECT_OBJC_ISA_USAGE = YES_ERROR;
				CLANG_WARN_DOCUMENTATION_COMMENTS = YES;
				CLANG_WARN_EMPTY_BODY = YES;
				CLANG_WARN_ENUM_CONVERSION = YES;
				CLANG_WARN_INFINITE_RECURSION = YES;
				CLANG_WARN_INT_CONVERSION = YES;
				CLANG_WARN_NON_LITERAL_NULL_CONVERSION = YES;
				CLANG_WARN_OBJC_IMPLICIT_RETAIN_SELF = YES;
				CLANG_WARN_OBJC_LITERAL_CONVERSION = YES;
				CLANG_WARN_OBJC_ROOT_CLASS = YES_ERROR;
				CLANG_WARN_QUOTED_INCLUDE_IN_FRAMEWORK_HEADER = YES;
				CLANG_WARN_RANGE_LOOP_ANALYSIS = YES;
				CLANG_WARN_STRICT_PROTOTYPES = YES;
				CLANG_WARN_SUSPICIOUS_MOVE = YES;
				CLANG_WARN_UNGUARDED_AVAILABILITY = YES_AGGRESSIVE;
				CLANG_WARN_UNREACHABLE_CODE = YES;
				CLANG_WARN__DUPLICATE_METHOD_MATCH = YES;
				COPY_PHASE_STRIP = NO;
				DEBUG_INFORMATION_FORMAT = "dwarf-with-dsym";
				ENABLE_NS_ASSERTIONS = NO;
				ENABLE_STRICT_OBJC_MSGSEND = YES;
				GCC_C_LANGUAGE_STANDARD = gnu11;
				GCC_NO_COMMON_BLOCKS = YES;
				GCC_WARN_64_TO_32_BIT_CONVERSION = YES;
				GCC_WARN_ABOUT_RETURN_TYPE = YES_ERROR;
				GCC_WARN_UNDECLARED_SELECTOR = YES;
				GCC_WARN_UNINITIALIZED_AUTOS = YES_AGGRESSIVE;
				GCC_WARN_UNUSED_FUNCTION = YES;
				GCC_WARN_UNUSED_VARIABLE = YES;
				MTL_ENABLE_DEBUG_INFO = NO;
				MTL_FAST_MATH = YES;
				SWIFT_COMPILATION_MODE = wholemodule;
				SWIFT_OPTIMIZATION_LEVEL = "-O";
			};
			name = Release;
		};
		7E63B2A8279C8E7D002D5B51 /* Debug */ = {
			isa = XCBuildConfiguration;
			buildSettings = {
				ASSETCATALOG_COMPILER_APPICON_NAME = AppIcon;
				ASSETCATALOG_COMPILER_GLOBAL_ACCENT_COLOR_NAME = AccentColor;
				CODE_SIGN_STYLE = Automatic;
				CURRENT_PROJECT_VERSION = 1;
				DEVELOPMENT_TEAM = 5998PKP98V;
				ENABLE_PREVIEWS = YES;
				GENERATE_INFOPLIST_FILE = YES;
				INFOPLIST_KEY_UIApplicationSceneManifest_Generation = YES;
				INFOPLIST_KEY_UIApplicationSupportsIndirectInputEvents = YES;
				INFOPLIST_KEY_UILaunchScreen_Generation = YES;
				INFOPLIST_KEY_UISupportedInterfaceOrientations_iPad = "UIInterfaceOrientationPortrait UIInterfaceOrientationPortraitUpsideDown UIInterfaceOrientationLandscapeLeft UIInterfaceOrientationLandscapeRight";
				INFOPLIST_KEY_UISupportedInterfaceOrientations_iPhone = "UIInterfaceOrientationPortrait UIInterfaceOrientationLandscapeLeft UIInterfaceOrientationLandscapeRight";
				IPHONEOS_DEPLOYMENT_TARGET = 15.2;
				LD_RUNPATH_SEARCH_PATHS = (
					"$(inherited)",
					"@executable_path/Frameworks",
				);
				MARKETING_VERSION = 1.0;
				PRODUCT_BUNDLE_IDENTIFIER = tralucent.chronology;
				PRODUCT_NAME = chronology;
				SDKROOT = iphoneos;
				SWIFT_EMIT_LOC_STRINGS = YES;
				SWIFT_VERSION = 5.0;
				TARGETED_DEVICE_FAMILY = "1,2";
			};
			name = Debug;
		};
		7E63B2A9279C8E7D002D5B51 /* Release */ = {
			isa = XCBuildConfiguration;
			buildSettings = {
				ASSETCATALOG_COMPILER_APPICON_NAME = AppIcon;
				ASSETCATALOG_COMPILER_GLOBAL_ACCENT_COLOR_NAME = AccentColor;
				CODE_SIGN_STYLE = Automatic;
				CURRENT_PROJECT_VERSION = 1;
				DEVELOPMENT_TEAM = 5998PKP98V;
				ENABLE_PREVIEWS = YES;
				GENERATE_INFOPLIST_FILE = YES;
				INFOPLIST_KEY_UIApplicationSceneManifest_Generation = YES;
				INFOPLIST_KEY_UIApplicationSupportsIndirectInputEvents = YES;
				INFOPLIST_KEY_UILaunchScreen_Generation = YES;
				INFOPLIST_KEY_UISupportedInterfaceOrientations_iPad = "UIInterfaceOrientationPortrait UIInterfaceOrientationPortraitUpsideDown UIInterfaceOrientationLandscapeLeft UIInterfaceOrientationLandscapeRight";
				INFOPLIST_KEY_UISupportedInterfaceOrientations_iPhone = "UIInterfaceOrientationPortrait UIInterfaceOrientationLandscapeLeft UIInterfaceOrientationLandscapeRight";
				IPHONEOS_DEPLOYMENT_TARGET = 15.2;
				LD_RUNPATH_SEARCH_PATHS = (
					"$(inherited)",
					"@executable_path/Frameworks",
				);
				MARKETING_VERSION = 1.0;
				PRODUCT_BUNDLE_IDENTIFIER = tralucent.chronology;
				PRODUCT_NAME = chronology;
				SDKROOT = iphoneos;
				SWIFT_EMIT_LOC_STRINGS = YES;
				SWIFT_VERSION = 5.0;
				TARGETED_DEVICE_FAMILY = "1,2";
				VALIDATE_PRODUCT = YES;
			};
			name = Release;
		};
		7E63B2AB279C8E7D002D5B51 /* Debug */ = {
			isa = XCBuildConfiguration;
			buildSettings = {
				ASSETCATALOG_COMPILER_APPICON_NAME = AppIcon;
				ASSETCATALOG_COMPILER_GLOBAL_ACCENT_COLOR_NAME = AccentColor;
				CODE_SIGN_ENTITLEMENTS = macOS/macOS.entitlements;
				CODE_SIGN_STYLE = Automatic;
				COMBINE_HIDPI_IMAGES = YES;
				CURRENT_PROJECT_VERSION = 1;
				DEVELOPMENT_TEAM = 5998PKP98V;
				ENABLE_HARDENED_RUNTIME = YES;
				ENABLE_PREVIEWS = YES;
				GENERATE_INFOPLIST_FILE = YES;
				INFOPLIST_KEY_NSHumanReadableCopyright = "";
				LD_RUNPATH_SEARCH_PATHS = (
					"$(inherited)",
					"@executable_path/../Frameworks",
				);
				MACOSX_DEPLOYMENT_TARGET = 12.1;
				MARKETING_VERSION = 1.0;
				PRODUCT_BUNDLE_IDENTIFIER = tralucent.chronology;
				PRODUCT_NAME = chronology;
				SDKROOT = macosx;
				SWIFT_EMIT_LOC_STRINGS = YES;
				SWIFT_VERSION = 5.0;
			};
			name = Debug;
		};
		7E63B2AC279C8E7D002D5B51 /* Release */ = {
			isa = XCBuildConfiguration;
			buildSettings = {
				ASSETCATALOG_COMPILER_APPICON_NAME = AppIcon;
				ASSETCATALOG_COMPILER_GLOBAL_ACCENT_COLOR_NAME = AccentColor;
				CODE_SIGN_ENTITLEMENTS = macOS/macOS.entitlements;
				CODE_SIGN_STYLE = Automatic;
				COMBINE_HIDPI_IMAGES = YES;
				CURRENT_PROJECT_VERSION = 1;
				DEVELOPMENT_TEAM = 5998PKP98V;
				ENABLE_HARDENED_RUNTIME = YES;
				ENABLE_PREVIEWS = YES;
				GENERATE_INFOPLIST_FILE = YES;
				INFOPLIST_KEY_NSHumanReadableCopyright = "";
				LD_RUNPATH_SEARCH_PATHS = (
					"$(inherited)",
					"@executable_path/../Frameworks",
				);
				MACOSX_DEPLOYMENT_TARGET = 12.1;
				MARKETING_VERSION = 1.0;
				PRODUCT_BUNDLE_IDENTIFIER = tralucent.chronology;
				PRODUCT_NAME = chronology;
				SDKROOT = macosx;
				SWIFT_EMIT_LOC_STRINGS = YES;
				SWIFT_VERSION = 5.0;
			};
			name = Release;
		};
		7E63B2AE279C8E7D002D5B51 /* Debug */ = {
			isa = XCBuildConfiguration;
			buildSettings = {
				ALWAYS_EMBED_SWIFT_STANDARD_LIBRARIES = YES;
				CODE_SIGN_STYLE = Automatic;
				CURRENT_PROJECT_VERSION = 1;
				DEVELOPMENT_TEAM = 5998PKP98V;
				GENERATE_INFOPLIST_FILE = YES;
				IPHONEOS_DEPLOYMENT_TARGET = 15.2;
				MARKETING_VERSION = 1.0;
				PRODUCT_BUNDLE_IDENTIFIER = "tralucent.Tests-iOS";
				PRODUCT_NAME = "$(TARGET_NAME)";
				SDKROOT = iphoneos;
				SWIFT_EMIT_LOC_STRINGS = NO;
				SWIFT_VERSION = 5.0;
				TARGETED_DEVICE_FAMILY = "1,2";
				TEST_TARGET_NAME = "chronology (iOS)";
			};
			name = Debug;
		};
		7E63B2AF279C8E7D002D5B51 /* Release */ = {
			isa = XCBuildConfiguration;
			buildSettings = {
				ALWAYS_EMBED_SWIFT_STANDARD_LIBRARIES = YES;
				CODE_SIGN_STYLE = Automatic;
				CURRENT_PROJECT_VERSION = 1;
				DEVELOPMENT_TEAM = 5998PKP98V;
				GENERATE_INFOPLIST_FILE = YES;
				IPHONEOS_DEPLOYMENT_TARGET = 15.2;
				MARKETING_VERSION = 1.0;
				PRODUCT_BUNDLE_IDENTIFIER = "tralucent.Tests-iOS";
				PRODUCT_NAME = "$(TARGET_NAME)";
				SDKROOT = iphoneos;
				SWIFT_EMIT_LOC_STRINGS = NO;
				SWIFT_VERSION = 5.0;
				TARGETED_DEVICE_FAMILY = "1,2";
				TEST_TARGET_NAME = "chronology (iOS)";
				VALIDATE_PRODUCT = YES;
			};
			name = Release;
		};
		7E63B2B1279C8E7D002D5B51 /* Debug */ = {
			isa = XCBuildConfiguration;
			buildSettings = {
				ALWAYS_EMBED_SWIFT_STANDARD_LIBRARIES = YES;
				CODE_SIGN_STYLE = Automatic;
				CURRENT_PROJECT_VERSION = 1;
				DEVELOPMENT_TEAM = 5998PKP98V;
				GENERATE_INFOPLIST_FILE = YES;
				MACOSX_DEPLOYMENT_TARGET = 12.1;
				MARKETING_VERSION = 1.0;
				PRODUCT_BUNDLE_IDENTIFIER = "tralucent.Tests-macOS";
				PRODUCT_NAME = "$(TARGET_NAME)";
				SDKROOT = macosx;
				SWIFT_EMIT_LOC_STRINGS = NO;
				SWIFT_VERSION = 5.0;
				TEST_TARGET_NAME = "chronology (macOS)";
			};
			name = Debug;
		};
		7E63B2B2279C8E7D002D5B51 /* Release */ = {
			isa = XCBuildConfiguration;
			buildSettings = {
				ALWAYS_EMBED_SWIFT_STANDARD_LIBRARIES = YES;
				CODE_SIGN_STYLE = Automatic;
				CURRENT_PROJECT_VERSION = 1;
				DEVELOPMENT_TEAM = 5998PKP98V;
				GENERATE_INFOPLIST_FILE = YES;
				MACOSX_DEPLOYMENT_TARGET = 12.1;
				MARKETING_VERSION = 1.0;
				PRODUCT_BUNDLE_IDENTIFIER = "tralucent.Tests-macOS";
				PRODUCT_NAME = "$(TARGET_NAME)";
				SDKROOT = macosx;
				SWIFT_EMIT_LOC_STRINGS = NO;
				SWIFT_VERSION = 5.0;
				TEST_TARGET_NAME = "chronology (macOS)";
			};
			name = Release;
		};
/* End XCBuildConfiguration section */

/* Begin XCConfigurationList section */
		7E63B275279C8E79002D5B51 /* Build configuration list for PBXProject "chronology" */ = {
			isa = XCConfigurationList;
			buildConfigurations = (
				7E63B2A5279C8E7D002D5B51 /* Debug */,
				7E63B2A6279C8E7D002D5B51 /* Release */,
			);
			defaultConfigurationIsVisible = 0;
			defaultConfigurationName = Release;
		};
		7E63B2A7279C8E7D002D5B51 /* Build configuration list for PBXNativeTarget "chronology (iOS)" */ = {
			isa = XCConfigurationList;
			buildConfigurations = (
				7E63B2A8279C8E7D002D5B51 /* Debug */,
				7E63B2A9279C8E7D002D5B51 /* Release */,
			);
			defaultConfigurationIsVisible = 0;
			defaultConfigurationName = Release;
		};
		7E63B2AA279C8E7D002D5B51 /* Build configuration list for PBXNativeTarget "chronology (macOS)" */ = {
			isa = XCConfigurationList;
			buildConfigurations = (
				7E63B2AB279C8E7D002D5B51 /* Debug */,
				7E63B2AC279C8E7D002D5B51 /* Release */,
			);
			defaultConfigurationIsVisible = 0;
			defaultConfigurationName = Release;
		};
		7E63B2AD279C8E7D002D5B51 /* Build configuration list for PBXNativeTarget "Tests iOS" */ = {
			isa = XCConfigurationList;
			buildConfigurations = (
				7E63B2AE279C8E7D002D5B51 /* Debug */,
				7E63B2AF279C8E7D002D5B51 /* Release */,
			);
			defaultConfigurationIsVisible = 0;
			defaultConfigurationName = Release;
		};
		7E63B2B0279C8E7D002D5B51 /* Build configuration list for PBXNativeTarget "Tests macOS" */ = {
			isa = XCConfigurationList;
			buildConfigurations = (
				7E63B2B1279C8E7D002D5B51 /* Debug */,
				7E63B2B2279C8E7D002D5B51 /* Release */,
			);
			defaultConfigurationIsVisible = 0;
			defaultConfigurationName = Release;
		};
/* End XCConfigurationList section */

/* Begin XCVersionGroup section */
		7E63B2B3279C8EB0002D5B51 /* ChronologyModel.xcdatamodeld */ = {
			isa = XCVersionGroup;
			children = (
				7E63B2B4279C8EB0002D5B51 /* ChronologyModel.xcdatamodel */,
			);
			currentVersion = 7E63B2B4279C8EB0002D5B51 /* ChronologyModel.xcdatamodel */;
			path = ChronologyModel.xcdatamodeld;
			sourceTree = "<group>";
			versionGroupType = wrapper.xcdatamodel;
		};
/* End XCVersionGroup section */
	};
	rootObject = 7E63B272279C8E79002D5B51 /* Project object */;
}
